
Microsoft Visual Studio Solution File, Format Version 12.00
# Visual Studio Version 17
VisualStudioVersion = 17.2.32526.322
MinimumVisualStudioVersion = 10.0.40219.1
Project("{9A19103F-16F7-4668-BE54-9A1E7A4F7556}") = "ThoughtFocus.CSULB-CED.App", "CSULB-COE\ThoughtFocus.CSULB-CED.App.csproj", "{A0AE1C73-2D33-47FA-A3DA-E27D668D7854}"
	ProjectSection(ProjectDependencies) = postProject
		{83EC7253-AB17-4B0C-8271-DEBE0C2D3A0B} = {83EC7253-AB17-4B0C-8271-DEBE0C2D3A0B}
	EndProjectSection
EndProject
Project("{2150E333-8FDC-42A3-9474-1A3956D46DE8}") = "src", "src", "{CC26D84F-661B-4D3D-8251-FDA447696F7A}"
EndProject
Project("{2150E333-8FDC-42A3-9474-1A3956D46DE8}") = "Test", "Test", "{1B0E6099-29E7-4B87-A93C-5E7925772573}"
EndProject
Project("{2150E333-8FDC-42A3-9474-1A3956D46DE8}") = "1-Core", "1-Core", "{B52AA867-9D06-4E46-851C-7DE030C211F8}"
EndProject
Project("{2150E333-8FDC-42A3-9474-1A3956D46DE8}") = "2-Infrastructure", "2-Infrastructure", "{C095A04E-3788-4C94-BEF6-C139831BEFDB}"
EndProject
Project("{2150E333-8FDC-42A3-9474-1A3956D46DE8}") = "3-Business", "3-Business", "{0A0BF9B2-0E36-4CB2-A03E-96C4485C74F5}"
EndProject
Project("{2150E333-8FDC-42A3-9474-1A3956D46DE8}") = "4-Service", "4-Service", "{2A4BCA24-6E4D-48C0-B81A-CDA9A609A3B5}"
EndProject
Project("{2150E333-8FDC-42A3-9474-1A3956D46DE8}") = "5-External", "5-External", "{1245DC52-98FC-4E9B-A649-4EA06AB9B82D}"
EndProject
Project("{2150E333-8FDC-42A3-9474-1A3956D46DE8}") = "6-Document-Repository", "6-Document-Repository", "{B3246C36-F1A1-4C76-8498-BCB708EC7066}"
EndProject
Project("{9A19103F-16F7-4668-BE54-9A1E7A4F7556}") = "ThoughtFocus.DataAccess", "ThoughtFocus.DataAccess\ThoughtFocus.DataAccess.csproj", "{682B78F9-BE8F-4E27-8201-EC0FCF427105}"
EndProject
Project("{9A19103F-16F7-4668-BE54-9A1E7A4F7556}") = "ThoughtFocus.Domain", "ThoughtFocus.Domain\ThoughtFocus.Domain.csproj", "{02095A3C-B776-4EC7-85BE-937193FA4113}"
EndProject
Project("{9A19103F-16F7-4668-BE54-9A1E7A4F7556}") = "ThoughtFocus.Repository", "ThoughtFocus.Repository\ThoughtFocus.Repository.csproj", "{4C0B15D6-964A-4C2E-A61D-111DE8FF116B}"
EndProject
Project("{9A19103F-16F7-4668-BE54-9A1E7A4F7556}") = "ThoughtFocus.Common.Exceptions", "ThoughtFocus.Common.Exceptions\ThoughtFocus.Common.Exceptions.csproj", "{7E64435E-6F47-4F3C-8888-EA2B376114AD}"
EndProject
Project("{9A19103F-16F7-4668-BE54-9A1E7A4F7556}") = "ThoughtFocus.Common.Utilities", "ThoughtFocus.Common.Utilities\ThoughtFocus.Common.Utilities.csproj", "{31B5382E-DB21-4932-9D76-0DE96F363BD0}"
EndProject
Project("{9A19103F-16F7-4668-BE54-9A1E7A4F7556}") = "ThoughtFocus.Common.Constants", "ThoughtFocus.Common.Constants\ThoughtFocus.Common.Constants.csproj", "{DE5F1FD9-A8D9-418B-8156-8C9B751E4E06}"
EndProject
Project("{9A19103F-16F7-4668-BE54-9A1E7A4F7556}") = "ThoughtFocus.Business", "ThoughtFocus.Business\ThoughtFocus.Business.csproj", "{52284B19-E34C-4F35-9985-EBA13E336876}"
EndProject
Project("{9A19103F-16F7-4668-BE54-9A1E7A4F7556}") = "ThoughtFocus.RoleProvider", "ThoughtFocus.RoleProvider\ThoughtFocus.RoleProvider.csproj", "{B153B5C4-5FA9-4A44-A2BE-CCE7A299B7E7}"
EndProject
Project("{9A19103F-16F7-4668-BE54-9A1E7A4F7556}") = "ThoughtFocus.Validations", "ThoughtFocus.Validations\ThoughtFocus.Validations.csproj", "{7BDE1EC3-7524-498D-931B-D7443F77676F}"
EndProject
Project("{9A19103F-16F7-4668-BE54-9A1E7A4F7556}") = "ThoughtFocus.Workflow", "ThoughtFocus.Workflow\ThoughtFocus.Workflow.csproj", "{69FA7DFC-C3CE-48C4-9223-42FA8680C694}"
EndProject
Project("{9A19103F-16F7-4668-BE54-9A1E7A4F7556}") = "ThoughtFocus.DocumentManager", "ThoughtFocus.DocumentManager\ThoughtFocus.DocumentManager.csproj", "{83EC7253-AB17-4B0C-8271-DEBE0C2D3A0B}"
EndProject
Project("{9A19103F-16F7-4668-BE54-9A1E7A4F7556}") = "ThoughtFocus.Service", "ThoughtFocus.Service\ThoughtFocus.Service.csproj", "{D991BA48-86E2-4A04-829E-A08CFC03F440}"
	ProjectSection(ProjectDependencies) = postProject
		{83EC7253-AB17-4B0C-8271-DEBE0C2D3A0B} = {83EC7253-AB17-4B0C-8271-DEBE0C2D3A0B}
	EndProjectSection
EndProject
Project("{2150E333-8FDC-42A3-9474-1A3956D46DE8}") = "7-DB", "7-DB", "{18A7373E-809B-4366-A0E0-946B87188F8E}"
EndProject
Project("{00D1A9C2-B5F0-4AF3-8072-F6C62B433612}") = "CSULB_DB", "CSULB_DB\CSULB_DB.sqlproj", "{252921CF-093E-4217-9E20-C1619FDD075A}"
EndProject
Project("{9A19103F-16F7-4668-BE54-9A1E7A4F7556}") = "ThoughtFocus.Common.Workflow.Common", "ThoughtFocus.Common.Workflow.Common\ThoughtFocus.Common.Workflow.Common.csproj", "{C0B4B896-1F02-48BC-B902-71EE2369F500}"
EndProject
Project("{9A19103F-16F7-4668-BE54-9A1E7A4F7556}") = "ThoughtFocus.Common.Workflow.Core", "ThoughtFocus.Common.Workflow.Core\ThoughtFocus.Common.Workflow.Core.csproj", "{DA3CCE78-823C-4B6F-8A18-6F7CB262DA6B}"
EndProject
Project("{9A19103F-16F7-4668-BE54-9A1E7A4F7556}") = "ThoughtFocus.Common.Workflow.DbPersistance", "ThoughtFocus.Common.Workflow.DbPersistance\ThoughtFocus.Common.Workflow.DbPersistance.csproj", "{DF4A76EB-175C-4C34-B978-04E4EC678887}"
EndProject
Project("{9A19103F-16F7-4668-BE54-9A1E7A4F7556}") = "ThoughtFocus.Common.WorkFlowDataAccess", "ThoughtFocus.Common.WorkFlowDataAccess\ThoughtFocus.Common.WorkFlowDataAccess.csproj", "{52E8288D-0AE2-4581-96F3-B4C842F9D7B9}"
EndProject
Global
	GlobalSection(SolutionConfigurationPlatforms) = preSolution
		Debug|Any CPU = Debug|Any CPU
		Release|Any CPU = Release|Any CPU
	EndGlobalSection
	GlobalSection(ProjectConfigurationPlatforms) = postSolution
		{A0AE1C73-2D33-47FA-A3DA-E27D668D7854}.Debug|Any CPU.ActiveCfg = Debug|Any CPU
		{A0AE1C73-2D33-47FA-A3DA-E27D668D7854}.Debug|Any CPU.Build.0 = Debug|Any CPU
		{A0AE1C73-2D33-47FA-A3DA-E27D668D7854}.Release|Any CPU.ActiveCfg = Release|Any CPU
		{A0AE1C73-2D33-47FA-A3DA-E27D668D7854}.Release|Any CPU.Build.0 = Release|Any CPU
		{682B78F9-BE8F-4E27-8201-EC0FCF427105}.Debug|Any CPU.ActiveCfg = Debug|Any CPU
		{682B78F9-BE8F-4E27-8201-EC0FCF427105}.Debug|Any CPU.Build.0 = Debug|Any CPU
		{682B78F9-BE8F-4E27-8201-EC0FCF427105}.Release|Any CPU.ActiveCfg = Release|Any CPU
		{682B78F9-BE8F-4E27-8201-EC0FCF427105}.Release|Any CPU.Build.0 = Release|Any CPU
		{02095A3C-B776-4EC7-85BE-937193FA4113}.Debug|Any CPU.ActiveCfg = Debug|Any CPU
		{02095A3C-B776-4EC7-85BE-937193FA4113}.Debug|Any CPU.Build.0 = Debug|Any CPU
		{02095A3C-B776-4EC7-85BE-937193FA4113}.Release|Any CPU.ActiveCfg = Release|Any CPU
		{02095A3C-B776-4EC7-85BE-937193FA4113}.Release|Any CPU.Build.0 = Release|Any CPU
		{4C0B15D6-964A-4C2E-A61D-111DE8FF116B}.Debug|Any CPU.ActiveCfg = Debug|Any CPU
		{4C0B15D6-964A-4C2E-A61D-111DE8FF116B}.Debug|Any CPU.Build.0 = Debug|Any CPU
		{4C0B15D6-964A-4C2E-A61D-111DE8FF116B}.Release|Any CPU.ActiveCfg = Release|Any CPU
		{4C0B15D6-964A-4C2E-A61D-111DE8FF116B}.Release|Any CPU.Build.0 = Release|Any CPU
		{7E64435E-6F47-4F3C-8888-EA2B376114AD}.Debug|Any CPU.ActiveCfg = Debug|Any CPU
		{7E64435E-6F47-4F3C-8888-EA2B376114AD}.Debug|Any CPU.Build.0 = Debug|Any CPU
		{7E64435E-6F47-4F3C-8888-EA2B376114AD}.Release|Any CPU.ActiveCfg = Release|Any CPU
		{7E64435E-6F47-4F3C-8888-EA2B376114AD}.Release|Any CPU.Build.0 = Release|Any CPU
		{31B5382E-DB21-4932-9D76-0DE96F363BD0}.Debug|Any CPU.ActiveCfg = Debug|Any CPU
		{31B5382E-DB21-4932-9D76-0DE96F363BD0}.Debug|Any CPU.Build.0 = Debug|Any CPU
		{31B5382E-DB21-4932-9D76-0DE96F363BD0}.Release|Any CPU.ActiveCfg = Release|Any CPU
		{31B5382E-DB21-4932-9D76-0DE96F363BD0}.Release|Any CPU.Build.0 = Release|Any CPU
		{DE5F1FD9-A8D9-418B-8156-8C9B751E4E06}.Debug|Any CPU.ActiveCfg = Debug|Any CPU
		{DE5F1FD9-A8D9-418B-8156-8C9B751E4E06}.Debug|Any CPU.Build.0 = Debug|Any CPU
		{DE5F1FD9-A8D9-418B-8156-8C9B751E4E06}.Release|Any CPU.ActiveCfg = Release|Any CPU
		{DE5F1FD9-A8D9-418B-8156-8C9B751E4E06}.Release|Any CPU.Build.0 = Release|Any CPU
		{52284B19-E34C-4F35-9985-EBA13E336876}.Debug|Any CPU.ActiveCfg = Debug|Any CPU
		{52284B19-E34C-4F35-9985-EBA13E336876}.Debug|Any CPU.Build.0 = Debug|Any CPU
		{52284B19-E34C-4F35-9985-EBA13E336876}.Release|Any CPU.ActiveCfg = Release|Any CPU
		{52284B19-E34C-4F35-9985-EBA13E336876}.Release|Any CPU.Build.0 = Release|Any CPU
		{B153B5C4-5FA9-4A44-A2BE-CCE7A299B7E7}.Debug|Any CPU.ActiveCfg = Debug|Any CPU
		{B153B5C4-5FA9-4A44-A2BE-CCE7A299B7E7}.Debug|Any CPU.Build.0 = Debug|Any CPU
		{B153B5C4-5FA9-4A44-A2BE-CCE7A299B7E7}.Release|Any CPU.ActiveCfg = Release|Any CPU
		{B153B5C4-5FA9-4A44-A2BE-CCE7A299B7E7}.Release|Any CPU.Build.0 = Release|Any CPU
		{7BDE1EC3-7524-498D-931B-D7443F77676F}.Debug|Any CPU.ActiveCfg = Debug|Any CPU
		{7BDE1EC3-7524-498D-931B-D7443F77676F}.Debug|Any CPU.Build.0 = Debug|Any CPU
		{7BDE1EC3-7524-498D-931B-D7443F77676F}.Release|Any CPU.ActiveCfg = Release|Any CPU
		{7BDE1EC3-7524-498D-931B-D7443F77676F}.Release|Any CPU.Build.0 = Release|Any CPU
		{69FA7DFC-C3CE-48C4-9223-42FA8680C694}.Debug|Any CPU.ActiveCfg = Debug|Any CPU
		{69FA7DFC-C3CE-48C4-9223-42FA8680C694}.Debug|Any CPU.Build.0 = Debug|Any CPU
		{69FA7DFC-C3CE-48C4-9223-42FA8680C694}.Release|Any CPU.ActiveCfg = Release|Any CPU
		{69FA7DFC-C3CE-48C4-9223-42FA8680C694}.Release|Any CPU.Build.0 = Release|Any CPU
		{83EC7253-AB17-4B0C-8271-DEBE0C2D3A0B}.Debug|Any CPU.ActiveCfg = Debug|Any CPU
		{83EC7253-AB17-4B0C-8271-DEBE0C2D3A0B}.Debug|Any CPU.Build.0 = Debug|Any CPU
		{83EC7253-AB17-4B0C-8271-DEBE0C2D3A0B}.Release|Any CPU.ActiveCfg = Release|Any CPU
		{83EC7253-AB17-4B0C-8271-DEBE0C2D3A0B}.Release|Any CPU.Build.0 = Release|Any CPU
		{D991BA48-86E2-4A04-829E-A08CFC03F440}.Debug|Any CPU.ActiveCfg = Debug|Any CPU
		{D991BA48-86E2-4A04-829E-A08CFC03F440}.Debug|Any CPU.Build.0 = Debug|Any CPU
		{D991BA48-86E2-4A04-829E-A08CFC03F440}.Release|Any CPU.ActiveCfg = Release|Any CPU
		{D991BA48-86E2-4A04-829E-A08CFC03F440}.Release|Any CPU.Build.0 = Release|Any CPU
		{252921CF-093E-4217-9E20-C1619FDD075A}.Debug|Any CPU.ActiveCfg = Debug|Any CPU
		{252921CF-093E-4217-9E20-C1619FDD075A}.Debug|Any CPU.Build.0 = Debug|Any CPU
		{252921CF-093E-4217-9E20-C1619FDD075A}.Debug|Any CPU.Deploy.0 = Debug|Any CPU
		{252921CF-093E-4217-9E20-C1619FDD075A}.Release|Any CPU.ActiveCfg = Release|Any CPU
		{252921CF-093E-4217-9E20-C1619FDD075A}.Release|Any CPU.Build.0 = Release|Any CPU
		{252921CF-093E-4217-9E20-C1619FDD075A}.Release|Any CPU.Deploy.0 = Release|Any CPU
		{C0B4B896-1F02-48BC-B902-71EE2369F500}.Debug|Any CPU.ActiveCfg = Debug|Any CPU
		{C0B4B896-1F02-48BC-B902-71EE2369F500}.Debug|Any CPU.Build.0 = Debug|Any CPU
		{C0B4B896-1F02-48BC-B902-71EE2369F500}.Release|Any CPU.ActiveCfg = Release|Any CPU
		{C0B4B896-1F02-48BC-B902-71EE2369F500}.Release|Any CPU.Build.0 = Release|Any CPU
		{DA3CCE78-823C-4B6F-8A18-6F7CB262DA6B}.Debug|Any CPU.ActiveCfg = Debug|Any CPU
		{DA3CCE78-823C-4B6F-8A18-6F7CB262DA6B}.Debug|Any CPU.Build.0 = Debug|Any CPU
		{DA3CCE78-823C-4B6F-8A18-6F7CB262DA6B}.Release|Any CPU.ActiveCfg = Release|Any CPU
		{DA3CCE78-823C-4B6F-8A18-6F7CB262DA6B}.Release|Any CPU.Build.0 = Release|Any CPU
		{DF4A76EB-175C-4C34-B978-04E4EC678887}.Debug|Any CPU.ActiveCfg = Debug|Any CPU
		{DF4A76EB-175C-4C34-B978-04E4EC678887}.Debug|Any CPU.Build.0 = Debug|Any CPU
		{DF4A76EB-175C-4C34-B978-04E4EC678887}.Release|Any CPU.ActiveCfg = Release|Any CPU
		{DF4A76EB-175C-4C34-B978-04E4EC678887}.Release|Any CPU.Build.0 = Release|Any CPU
		{52E8288D-0AE2-4581-96F3-B4C842F9D7B9}.Debug|Any CPU.ActiveCfg = Debug|Any CPU
		{52E8288D-0AE2-4581-96F3-B4C842F9D7B9}.Debug|Any CPU.Build.0 = Debug|Any CPU
		{52E8288D-0AE2-4581-96F3-B4C842F9D7B9}.Release|Any CPU.ActiveCfg = Release|Any CPU
		{52E8288D-0AE2-4581-96F3-B4C842F9D7B9}.Release|Any CPU.Build.0 = Release|Any CPU
	EndGlobalSection
	GlobalSection(SolutionProperties) = preSolution
		HideSolutionNode = FALSE
	EndGlobalSection
	GlobalSection(NestedProjects) = preSolution
		{A0AE1C73-2D33-47FA-A3DA-E27D668D7854} = {CC26D84F-661B-4D3D-8251-FDA447696F7A}
		{B52AA867-9D06-4E46-851C-7DE030C211F8} = {CC26D84F-661B-4D3D-8251-FDA447696F7A}
		{C095A04E-3788-4C94-BEF6-C139831BEFDB} = {CC26D84F-661B-4D3D-8251-FDA447696F7A}
		{0A0BF9B2-0E36-4CB2-A03E-96C4485C74F5} = {CC26D84F-661B-4D3D-8251-FDA447696F7A}
		{2A4BCA24-6E4D-48C0-B81A-CDA9A609A3B5} = {CC26D84F-661B-4D3D-8251-FDA447696F7A}
		{1245DC52-98FC-4E9B-A649-4EA06AB9B82D} = {CC26D84F-661B-4D3D-8251-FDA447696F7A}
		{B3246C36-F1A1-4C76-8498-BCB708EC7066} = {CC26D84F-661B-4D3D-8251-FDA447696F7A}
		{682B78F9-BE8F-4E27-8201-EC0FCF427105} = {B52AA867-9D06-4E46-851C-7DE030C211F8}
		{02095A3C-B776-4EC7-85BE-937193FA4113} = {B52AA867-9D06-4E46-851C-7DE030C211F8}
		{4C0B15D6-964A-4C2E-A61D-111DE8FF116B} = {B52AA867-9D06-4E46-851C-7DE030C211F8}
		{7E64435E-6F47-4F3C-8888-EA2B376114AD} = {C095A04E-3788-4C94-BEF6-C139831BEFDB}
		{31B5382E-DB21-4932-9D76-0DE96F363BD0} = {C095A04E-3788-4C94-BEF6-C139831BEFDB}
		{DE5F1FD9-A8D9-418B-8156-8C9B751E4E06} = {C095A04E-3788-4C94-BEF6-C139831BEFDB}
		{52284B19-E34C-4F35-9985-EBA13E336876} = {0A0BF9B2-0E36-4CB2-A03E-96C4485C74F5}
		{B153B5C4-5FA9-4A44-A2BE-CCE7A299B7E7} = {0A0BF9B2-0E36-4CB2-A03E-96C4485C74F5}
		{7BDE1EC3-7524-498D-931B-D7443F77676F} = {0A0BF9B2-0E36-4CB2-A03E-96C4485C74F5}
		{69FA7DFC-C3CE-48C4-9223-42FA8680C694} = {0A0BF9B2-0E36-4CB2-A03E-96C4485C74F5}
		{83EC7253-AB17-4B0C-8271-DEBE0C2D3A0B} = {0A0BF9B2-0E36-4CB2-A03E-96C4485C74F5}
		{D991BA48-86E2-4A04-829E-A08CFC03F440} = {2A4BCA24-6E4D-48C0-B81A-CDA9A609A3B5}
		{18A7373E-809B-4366-A0E0-946B87188F8E} = {CC26D84F-661B-4D3D-8251-FDA447696F7A}
		{252921CF-093E-4217-9E20-C1619FDD075A} = {18A7373E-809B-4366-A0E0-946B87188F8E}
		{C0B4B896-1F02-48BC-B902-71EE2369F500} = {1245DC52-98FC-4E9B-A649-4EA06AB9B82D}
		{DA3CCE78-823C-4B6F-8A18-6F7CB262DA6B} = {1245DC52-98FC-4E9B-A649-4EA06AB9B82D}
		{DF4A76EB-175C-4C34-B978-04E4EC678887} = {1245DC52-98FC-4E9B-A649-4EA06AB9B82D}
		{52E8288D-0AE2-4581-96F3-B4C842F9D7B9} = {B52AA867-9D06-4E46-851C-7DE030C211F8}
	EndGlobalSection
	GlobalSection(ExtensibilityGlobals) = postSolution
		SolutionGuid = {83F55F36-70F9-4973-BD23-2F66771C0405}
	EndGlobalSection
EndGlobal
